
Microsoft Visual Studio Solution File, Format Version 12.00
# Visual Studio Version 17
VisualStudioVersion = 17.8.34330.188
MinimumVisualStudioVersion = 10.0.40219.1
Project("{9A19103F-16F7-4668-BE54-9A1E7A4F7556}") = "MusicStreaming.Module", "MusicStreaming.Module\MusicStreaming.Module.csproj", "{6C5C40E3-CBFA-4D0E-95C2-8987C85C3AC5}"
EndProject
Project("{9A19103F-16F7-4668-BE54-9A1E7A4F7556}") = "MusicStreaming.Blazor.Server", "MusicStreaming.Blazor.Server\MusicStreaming.Blazor.Server.csproj", "{0204989A-C4D5-4910-B183-3D3557596830}"
EndProject
Global
	GlobalSection(SolutionConfigurationPlatforms) = preSolution
		Debug|Any CPU = Debug|Any CPU
		EasyTest|Any CPU = EasyTest|Any CPU
		Release|Any CPU = Release|Any CPU
	EndGlobalSection
	GlobalSection(ProjectConfigurationPlatforms) = postSolution
		{6C5C40E3-CBFA-4D0E-95C2-8987C85C3AC5}.Debug|Any CPU.ActiveCfg = Debug|Any CPU
		{6C5C40E3-CBFA-4D0E-95C2-8987C85C3AC5}.Debug|Any CPU.Build.0 = Debug|Any CPU
		{6C5C40E3-CBFA-4D0E-95C2-8987C85C3AC5}.EasyTest|Any CPU.ActiveCfg = EasyTest|Any CPU
		{6C5C40E3-CBFA-4D0E-95C2-8987C85C3AC5}.EasyTest|Any CPU.Build.0 = EasyTest|Any CPU
		{6C5C40E3-CBFA-4D0E-95C2-8987C85C3AC5}.Release|Any CPU.ActiveCfg = Release|Any CPU
		{6C5C40E3-CBFA-4D0E-95C2-8987C85C3AC5}.Release|Any CPU.Build.0 = Release|Any CPU
		{0204989A-C4D5-4910-B183-3D3557596830}.Debug|Any CPU.ActiveCfg = Debug|Any CPU
		{0204989A-C4D5-4910-B183-3D3557596830}.Debug|Any CPU.Build.0 = Debug|Any CPU
		{0204989A-C4D5-4910-B183-3D3557596830}.EasyTest|Any CPU.ActiveCfg = EasyTest|Any CPU
		{0204989A-C4D5-4910-B183-3D3557596830}.EasyTest|Any CPU.Build.0 = EasyTest|Any CPU
		{0204989A-C4D5-4910-B183-3D3557596830}.Release|Any CPU.ActiveCfg = Release|Any CPU
		{0204989A-C4D5-4910-B183-3D3557596830}.Release|Any CPU.Build.0 = Release|Any CPU
	EndGlobalSection
	GlobalSection(SolutionProperties) = preSolution
		HideSolutionNode = FALSE
	EndGlobalSection
EndGlobal
